
Microsoft Visual Studio Solution File, Format Version 12.00
# Visual Studio Version 16
VisualStudioVersion = 16.0.30717.126
MinimumVisualStudioVersion = 10.0.40219.1
Project("{FAE04EC0-301F-11D3-BF4B-00C04F79EFBC}") = "DisplacementAlphaTools", "DisplacementAlphaTools.csproj", "{F7BC90FE-19E7-4820-93DC-843722CDB6ED}"
EndProject
Global
	GlobalSection(SolutionConfigurationPlatforms) = preSolution
		Debug|Any CPU = Debug|Any CPU
		Release|Any CPU = Release|Any CPU
	EndGlobalSection
	GlobalSection(ProjectConfigurationPlatforms) = postSolution
		{F7BC90FE-19E7-4820-93DC-843722CDB6ED}.Debug|Any CPU.ActiveCfg = Debug|Any CPU
		{F7BC90FE-19E7-4820-93DC-843722CDB6ED}.Debug|Any CPU.Build.0 = Debug|Any CPU
		{F7BC90FE-19E7-4820-93DC-843722CDB6ED}.Release|Any CPU.ActiveCfg = Release|Any CPU
		{F7BC90FE-19E7-4820-93DC-843722CDB6ED}.Release|Any CPU.Build.0 = Release|Any CPU
	EndGlobalSection
	GlobalSection(SolutionProperties) = preSolution
		HideSolutionNode = FALSE
	EndGlobalSection
	GlobalSection(ExtensibilityGlobals) = postSolution
		SolutionGuid = {7E5E1FC2-8FB9-454D-B607-1BB039EB5A42}
	EndGlobalSection
EndGlobal
